
Microsoft Visual Studio Solution File, Format Version 12.00
# Visual Studio Version 17
VisualStudioVersion = 17.14.36221.1
MinimumVisualStudioVersion = 10.0.40219.1
Project("{FAE04EC0-301F-11D3-BF4B-00C04F79EFBC}") = "KafkaTestConsumer", "KafkaTestConsumer\KafkaTestConsumer.csproj", "{2D5551EC-BA52-CAE8-9164-34CD4F693A89}"
EndProject
Project("{FAE04EC0-301F-11D3-BF4B-00C04F79EFBC}") = "KafkaTestProducer", "KafkaTestProducer\KafkaTestProducer.csproj", "{CCDBFEB1-50BD-9DF4-C2AB-B2EBCF5A4C04}"
EndProject
Project("{E53339B2-1760-4266-BCC7-CA923CBCF16C}") = "docker-compose", "docker-compose.dcproj", "{81DDED9D-158B-E303-5F62-77A2896D2A5A}"
EndProject
Global
	GlobalSection(SolutionConfigurationPlatforms) = preSolution
		Debug|Any CPU = Debug|Any CPU
		Release|Any CPU = Release|Any CPU
	EndGlobalSection
	GlobalSection(ProjectConfigurationPlatforms) = postSolution
		{2D5551EC-BA52-CAE8-9164-34CD4F693A89}.Debug|Any CPU.ActiveCfg = Debug|Any CPU
		{2D5551EC-BA52-CAE8-9164-34CD4F693A89}.Debug|Any CPU.Build.0 = Debug|Any CPU
		{2D5551EC-BA52-CAE8-9164-34CD4F693A89}.Release|Any CPU.ActiveCfg = Release|Any CPU
		{2D5551EC-BA52-CAE8-9164-34CD4F693A89}.Release|Any CPU.Build.0 = Release|Any CPU
		{CCDBFEB1-50BD-9DF4-C2AB-B2EBCF5A4C04}.Debug|Any CPU.ActiveCfg = Debug|Any CPU
		{CCDBFEB1-50BD-9DF4-C2AB-B2EBCF5A4C04}.Debug|Any CPU.Build.0 = Debug|Any CPU
		{CCDBFEB1-50BD-9DF4-C2AB-B2EBCF5A4C04}.Release|Any CPU.ActiveCfg = Release|Any CPU
		{CCDBFEB1-50BD-9DF4-C2AB-B2EBCF5A4C04}.Release|Any CPU.Build.0 = Release|Any CPU
		{81DDED9D-158B-E303-5F62-77A2896D2A5A}.Debug|Any CPU.ActiveCfg = Debug|Any CPU
		{81DDED9D-158B-E303-5F62-77A2896D2A5A}.Debug|Any CPU.Build.0 = Debug|Any CPU
		{81DDED9D-158B-E303-5F62-77A2896D2A5A}.Release|Any CPU.ActiveCfg = Release|Any CPU
		{81DDED9D-158B-E303-5F62-77A2896D2A5A}.Release|Any CPU.Build.0 = Release|Any CPU
	EndGlobalSection
	GlobalSection(SolutionProperties) = preSolution
		HideSolutionNode = FALSE
	EndGlobalSection
	GlobalSection(ExtensibilityGlobals) = postSolution
		SolutionGuid = {1A8B3A4D-C30F-44FE-B16F-668985D5C350}
	EndGlobalSection
EndGlobal
