
Microsoft Visual Studio Solution File, Format Version 12.00
# Visual Studio Version 17
VisualStudioVersion = 17.13.35919.96 d17.13
MinimumVisualStudioVersion = 10.0.40219.1
Project("{FAE04EC0-301F-11D3-BF4B-00C04F79EFBC}") = "ApiTestPostgreSQL", "ApiTestPostgreSQL\ApiTestPostgreSQL.csproj", "{6A14742C-47B1-4CDA-8002-FA71B18539F1}"
EndProject
Project("{E53339B2-1760-4266-BCC7-CA923CBCF16C}") = "docker-compose", "docker-compose.dcproj", "{81DDED9D-158B-E303-5F62-77A2896D2A5A}"
EndProject
Global
	GlobalSection(SolutionConfigurationPlatforms) = preSolution
		Debug|Any CPU = Debug|Any CPU
		Release|Any CPU = Release|Any CPU
	EndGlobalSection
	GlobalSection(ProjectConfigurationPlatforms) = postSolution
		{6A14742C-47B1-4CDA-8002-FA71B18539F1}.Debug|Any CPU.ActiveCfg = Debug|Any CPU
		{6A14742C-47B1-4CDA-8002-FA71B18539F1}.Debug|Any CPU.Build.0 = Debug|Any CPU
		{6A14742C-47B1-4CDA-8002-FA71B18539F1}.Release|Any CPU.ActiveCfg = Release|Any CPU
		{6A14742C-47B1-4CDA-8002-FA71B18539F1}.Release|Any CPU.Build.0 = Release|Any CPU
		{81DDED9D-158B-E303-5F62-77A2896D2A5A}.Debug|Any CPU.ActiveCfg = Debug|Any CPU
		{81DDED9D-158B-E303-5F62-77A2896D2A5A}.Debug|Any CPU.Build.0 = Debug|Any CPU
		{81DDED9D-158B-E303-5F62-77A2896D2A5A}.Release|Any CPU.ActiveCfg = Release|Any CPU
		{81DDED9D-158B-E303-5F62-77A2896D2A5A}.Release|Any CPU.Build.0 = Release|Any CPU
	EndGlobalSection
	GlobalSection(SolutionProperties) = preSolution
		HideSolutionNode = FALSE
	EndGlobalSection
	GlobalSection(ExtensibilityGlobals) = postSolution
		SolutionGuid = {BE82D771-020D-402A-89D4-6280F4616A6F}
	EndGlobalSection
EndGlobal
